{
  "name": "a-just",
  "version": "3.4.0",
  "lockfileVersion": 3,
  "requires": true,
  "packages": {
    "": {
      "name": "a-just",
      "version": "3.4.0",
      "dependencies": {
        "axios": "^1.13.5",
        "husky": "^9.1.7"
      },
      "devDependencies": {
        "@aikidosec/safe-chain": "^1.4.2"
      },
      "engines": {
        "node": "22"
      }
    },
    "node_modules/@aikidosec/safe-chain": {
      "version": "1.4.2",
      "resolved": "https://registry.npmjs.org/@aikidosec/safe-chain/-/safe-chain-1.4.2.tgz",
      "integrity": "sha512-s0dFOdhSd937MeRDJNi2eUOBauv4fj4kQ29bWZJtTU/fmc55YDB4qhjU4jh+vxiQaoSUWZF0U55xNipalWLE+w==",
      "dev": true,
      "license": "AGPL-3.0-or-later",
      "dependencies": {
        "certifi": "14.5.15",
        "chalk": "5.4.1",
        "https-proxy-agent": "7.0.6",
        "ini": "6.0.0",
        "make-fetch-happen": "15.0.3",
        "node-forge": "1.3.2",
        "npm-registry-fetch": "19.1.1",
        "semver": "7.7.2"
      },
      "bin": {
        "aikido-bun": "bin/aikido-bun.js",
        "aikido-bunx": "bin/aikido-bunx.js",
        "aikido-npm": "bin/aikido-npm.js",
        "aikido-npx": "bin/aikido-npx.js",
        "aikido-pip": "bin/aikido-pip.js",
        "aikido-pip3": "bin/aikido-pip3.js",
        "aikido-pipx": "bin/aikido-pipx.js",
        "aikido-pnpm": "bin/aikido-pnpm.js",
        "aikido-pnpx": "bin/aikido-pnpx.js",
        "aikido-poetry": "bin/aikido-poetry.js",
        "aikido-python": "bin/aikido-python.js",
        "aikido-python3": "bin/aikido-python3.js",
        "aikido-uv": "bin/aikido-uv.js",
        "aikido-yarn": "bin/aikido-yarn.js",
        "safe-chain": "bin/safe-chain.js"
      }
    },
    "node_modules/@npmcli/agent": {
      "version": "4.0.0",
      "resolved": "https://registry.npmjs.org/@npmcli/agent/-/agent-4.0.0.tgz",
      "integrity": "sha512-kAQTcEN9E8ERLVg5AsGwLNoFb+oEG6engbqAU2P43gD4JEIkNGMHdVQ096FsOAAYpZPB0RSt0zgInKIAS1l5QA==",
      "dev": true,
      "license": "ISC",
      "dependencies": {
        "agent-base": "^7.1.0",
        "http-proxy-agent": "^7.0.0",
        "https-proxy-agent": "^7.0.1",
        "lru-cache": "^11.2.1",
        "socks-proxy-agent": "^8.0.3"
      },
      "engines": {
        "node": "^20.17.0 || >=22.9.0"
      }
    },
    "node_modules/@npmcli/fs": {
      "version": "5.0.0",
      "resolved": "https://registry.npmjs.org/@npmcli/fs/-/fs-5.0.0.tgz",
      "integrity": "sha512-7OsC1gNORBEawOa5+j2pXN9vsicaIOH5cPXxoR6fJOmH6/EXpJB2CajXOu1fPRFun2m1lktEFX11+P89hqO/og==",
      "dev": true,
      "license": "ISC",
      "dependencies": {
        "semver": "^7.3.5"
      },
      "engines": {
        "node": "^20.17.0 || >=22.9.0"
      }
    },
    "node_modules/@npmcli/redact": {
      "version": "4.0.0",
      "resolved": "https://registry.npmjs.org/@npmcli/redact/-/redact-4.0.0.tgz",
      "integrity": "sha512-gOBg5YHMfZy+TfHArfVogwgfBeQnKbbGo3pSUyK/gSI0AVu+pEiDVcKlQb0D8Mg1LNRZILZ6XG8I5dJ4KuAd9Q==",
      "dev": true,
      "license": "ISC",
      "engines": {
        "node": "^20.17.0 || >=22.9.0"
      }
    },
    "node_modules/agent-base": {
      "version": "7.1.4",
      "resolved": "https://registry.npmjs.org/agent-base/-/agent-base-7.1.4.tgz",
      "integrity": "sha512-MnA+YT8fwfJPgBx3m60MNqakm30XOkyIoH1y6huTQvC0PwZG7ki8NacLBcrPbNoo8vEZy7Jpuk7+jMO+CUovTQ==",
      "dev": true,
      "license": "MIT",
      "engines": {
        "node": ">= 14"
      }
    },
    "node_modules/asynckit": {
      "version": "0.4.0",
      "resolved": "https://registry.npmjs.org/asynckit/-/asynckit-0.4.0.tgz",
      "integrity": "sha512-Oei9OH4tRh0YqU3GxhX79dM/mwVgvbZJaSNaRk+bshkj0S5cfHcgYakreBjrHwatXKbz+IoIdYLxrKim2MjW0Q==",
      "license": "MIT"
    },
    "node_modules/axios": {
      "version": "1.13.5",
      "resolved": "https://registry.npmjs.org/axios/-/axios-1.13.5.tgz",
      "integrity": "sha512-cz4ur7Vb0xS4/KUN0tPWe44eqxrIu31me+fbang3ijiNscE129POzipJJA6zniq2C/Z6sJCjMimjS8Lc/GAs8Q==",
      "license": "MIT",
      "dependencies": {
        "follow-redirects": "^1.15.11",
        "form-data": "^4.0.5",
        "proxy-from-env": "^1.1.0"
      }
    },
    "node_modules/balanced-match": {
      "version": "4.0.3",
      "resolved": "https://registry.npmjs.org/balanced-match/-/balanced-match-4.0.3.tgz",
      "integrity": "sha512-1pHv8LX9CpKut1Zp4EXey7Z8OfH11ONNH6Dhi2WDUt31VVZFXZzKwXcysBgqSumFCmR+0dqjMK5v5JiFHzi0+g==",
      "dev": true,
      "license": "MIT",
      "engines": {
        "node": "20 || >=22"
      }
    },
    "node_modules/brace-expansion": {
      "version": "5.0.2",
      "resolved": "https://registry.npmjs.org/brace-expansion/-/brace-expansion-5.0.2.tgz",
      "integrity": "sha512-Pdk8c9poy+YhOgVWw1JNN22/HcivgKWwpxKq04M/jTmHyCZn12WPJebZxdjSa5TmBqISrUSgNYU3eRORljfCCw==",
      "dev": true,
      "license": "MIT",
      "dependencies": {
        "balanced-match": "^4.0.2"
      },
      "engines": {
        "node": "20 || >=22"
      }
    },
    "node_modules/cacache": {
      "version": "20.0.3",
      "resolved": "https://registry.npmjs.org/cacache/-/cacache-20.0.3.tgz",
      "integrity": "sha512-3pUp4e8hv07k1QlijZu6Kn7c9+ZpWWk4j3F8N3xPuCExULobqJydKYOTj1FTq58srkJsXvO7LbGAH4C0ZU3WGw==",
      "dev": true,
      "license": "ISC",
      "dependencies": {
        "@npmcli/fs": "^5.0.0",
        "fs-minipass": "^3.0.0",
        "glob": "^13.0.0",
        "lru-cache": "^11.1.0",
        "minipass": "^7.0.3",
        "minipass-collect": "^2.0.1",
        "minipass-flush": "^1.0.5",
        "minipass-pipeline": "^1.2.4",
        "p-map": "^7.0.2",
        "ssri": "^13.0.0",
        "unique-filename": "^5.0.0"
      },
      "engines": {
        "node": "^20.17.0 || >=22.9.0"
      }
    },
    "node_modules/call-bind-apply-helpers": {
      "version": "1.0.2",
      "resolved": "https://registry.npmjs.org/call-bind-apply-helpers/-/call-bind-apply-helpers-1.0.2.tgz",
      "integrity": "sha512-Sp1ablJ0ivDkSzjcaJdxEunN5/XvksFJ2sMBFfq6x0ryhQV/2b/KwFe21cMpmHtPOSij8K99/wSfoEuTObmuMQ==",
      "license": "MIT",
      "dependencies": {
        "es-errors": "^1.3.0",
        "function-bind": "^1.1.2"
      },
      "engines": {
        "node": ">= 0.4"
      }
    },
    "node_modules/certifi": {
      "version": "14.5.15",
      "resolved": "https://registry.npmjs.org/certifi/-/certifi-14.5.15.tgz",
      "integrity": "sha512-NeLXuKCqSzwQNjpJ+WaSp5m8ntdTKJ8HnBu+eA7DxHfgzU7F1sjwrJFang+4U38+vmWbiFUpPZMV3uwwnHAisQ==",
      "dev": true,
      "license": "MPL-2.0",
      "engines": {
        "node": ">=0.10.0"
      }
    },
    "node_modules/chalk": {
      "version": "5.4.1",
      "resolved": "https://registry.npmjs.org/chalk/-/chalk-5.4.1.tgz",
      "integrity": "sha512-zgVZuo2WcZgfUEmsn6eO3kINexW8RAE4maiQ8QNs8CtpPCSyMiYsULR3HQYkm3w8FIA3SberyMJMSldGsW+U3w==",
      "dev": true,
      "license": "MIT",
      "engines": {
        "node": "^12.17.0 || ^14.13 || >=16.0.0"
      },
      "funding": {
        "url": "https://github.com/chalk/chalk?sponsor=1"
      }
    },
    "node_modules/combined-stream": {
      "version": "1.0.8",
      "resolved": "https://registry.npmjs.org/combined-stream/-/combined-stream-1.0.8.tgz",
      "integrity": "sha512-FQN4MRfuJeHf7cBbBMJFXhKSDq+2kAArBlmRBvcvFE5BB1HZKXtSFASDhdlz9zOYwxh8lDdnvmMOe/+5cdoEdg==",
      "license": "MIT",
      "dependencies": {
        "delayed-stream": "~1.0.0"
      },
      "engines": {
        "node": ">= 0.8"
      }
    },
    "node_modules/debug": {
      "version": "4.4.3",
      "resolved": "https://registry.npmjs.org/debug/-/debug-4.4.3.tgz",
      "integrity": "sha512-RGwwWnwQvkVfavKVt22FGLw+xYSdzARwm0ru6DhTVA3umU5hZc28V3kO4stgYryrTlLpuvgI9GiijltAjNbcqA==",
      "dev": true,
      "license": "MIT",
      "dependencies": {
        "ms": "^2.1.3"
      },
      "engines": {
        "node": ">=6.0"
      },
      "peerDependenciesMeta": {
        "supports-color": {
          "optional": true
        }
      }
    },
    "node_modules/delayed-stream": {
      "version": "1.0.0",
      "resolved": "https://registry.npmjs.org/delayed-stream/-/delayed-stream-1.0.0.tgz",
      "integrity": "sha512-ZySD7Nf91aLB0RxL4KGrKHBXl7Eds1DAmEdcoVawXnLD7SDhpNgtuII2aAkg7a7QS41jxPSZ17p4VdGnMHk3MQ==",
      "license": "MIT",
      "engines": {
        "node": ">=0.4.0"
      }
    },
    "node_modules/dunder-proto": {
      "version": "1.0.1",
      "resolved": "https://registry.npmjs.org/dunder-proto/-/dunder-proto-1.0.1.tgz",
      "integrity": "sha512-KIN/nDJBQRcXw0MLVhZE9iQHmG68qAVIBg9CqmUYjmQIhgij9U5MFvrqkUL5FbtyyzZuOeOt0zdeRe4UY7ct+A==",
      "license": "MIT",
      "dependencies": {
        "call-bind-apply-helpers": "^1.0.1",
        "es-errors": "^1.3.0",
        "gopd": "^1.2.0"
      },
      "engines": {
        "node": ">= 0.4"
      }
    },
    "node_modules/encoding": {
      "version": "0.1.13",
      "resolved": "https://registry.npmjs.org/encoding/-/encoding-0.1.13.tgz",
      "integrity": "sha512-ETBauow1T35Y/WZMkio9jiM0Z5xjHHmJ4XmjZOq1l/dXz3lr2sRn87nJy20RupqSh1F2m3HHPSp8ShIPQJrJ3A==",
      "dev": true,
      "license": "MIT",
      "optional": true,
      "dependencies": {
        "iconv-lite": "^0.6.2"
      }
    },
    "node_modules/err-code": {
      "version": "2.0.3",
      "resolved": "https://registry.npmjs.org/err-code/-/err-code-2.0.3.tgz",
      "integrity": "sha512-2bmlRpNKBxT/CRmPOlyISQpNj+qSeYvcym/uT0Jx2bMOlKLtSy1ZmLuVxSEKKyor/N5yhvp/ZiG1oE3DEYMSFA==",
      "dev": true,
      "license": "MIT"
    },
    "node_modules/es-define-property": {
      "version": "1.0.1",
      "resolved": "https://registry.npmjs.org/es-define-property/-/es-define-property-1.0.1.tgz",
      "integrity": "sha512-e3nRfgfUZ4rNGL232gUgX06QNyyez04KdjFrF+LTRoOXmrOgFKDg4BCdsjW8EnT69eqdYGmRpJwiPVYNrCaW3g==",
      "license": "MIT",
      "engines": {
        "node": ">= 0.4"
      }
    },
    "node_modules/es-errors": {
      "version": "1.3.0",
      "resolved": "https://registry.npmjs.org/es-errors/-/es-errors-1.3.0.tgz",
      "integrity": "sha512-Zf5H2Kxt2xjTvbJvP2ZWLEICxA6j+hAmMzIlypy4xcBg1vKVnx89Wy0GbS+kf5cwCVFFzdCFh2XSCFNULS6csw==",
      "license": "MIT",
      "engines": {
        "node": ">= 0.4"
      }
    },
    "node_modules/es-object-atoms": {
      "version": "1.1.1",
      "resolved": "https://registry.npmjs.org/es-object-atoms/-/es-object-atoms-1.1.1.tgz",
      "integrity": "sha512-FGgH2h8zKNim9ljj7dankFPcICIK9Cp5bm+c2gQSYePhpaG5+esrLODihIorn+Pe6FGJzWhXQotPv73jTaldXA==",
      "license": "MIT",
      "dependencies": {
        "es-errors": "^1.3.0"
      },
      "engines": {
        "node": ">= 0.4"
      }
    },
    "node_modules/es-set-tostringtag": {
      "version": "2.1.0",
      "resolved": "https://registry.npmjs.org/es-set-tostringtag/-/es-set-tostringtag-2.1.0.tgz",
      "integrity": "sha512-j6vWzfrGVfyXxge+O0x5sh6cvxAog0a/4Rdd2K36zCMV5eJ+/+tOAngRO8cODMNWbVRdVlmGZQL2YS3yR8bIUA==",
      "license": "MIT",
      "dependencies": {
        "es-errors": "^1.3.0",
        "get-intrinsic": "^1.2.6",
        "has-tostringtag": "^1.0.2",
        "hasown": "^2.0.2"
      },
      "engines": {
        "node": ">= 0.4"
      }
    },
    "node_modules/follow-redirects": {
      "version": "1.15.11",
      "resolved": "https://registry.npmjs.org/follow-redirects/-/follow-redirects-1.15.11.tgz",
      "integrity": "sha512-deG2P0JfjrTxl50XGCDyfI97ZGVCxIpfKYmfyrQ54n5FO/0gfIES8C/Psl6kWVDolizcaaxZJnTS0QSMxvnsBQ==",
      "funding": [
        {
          "type": "individual",
          "url": "https://github.com/sponsors/RubenVerborgh"
        }
      ],
      "license": "MIT",
      "engines": {
        "node": ">=4.0"
      },
      "peerDependenciesMeta": {
        "debug": {
          "optional": true
        }
      }
    },
    "node_modules/form-data": {
      "version": "4.0.5",
      "resolved": "https://registry.npmjs.org/form-data/-/form-data-4.0.5.tgz",
      "integrity": "sha512-8RipRLol37bNs2bhoV67fiTEvdTrbMUYcFTiy3+wuuOnUog2QBHCZWXDRijWQfAkhBj2Uf5UnVaiWwA5vdd82w==",
      "license": "MIT",
      "dependencies": {
        "asynckit": "^0.4.0",
        "combined-stream": "^1.0.8",
        "es-set-tostringtag": "^2.1.0",
        "hasown": "^2.0.2",
        "mime-types": "^2.1.12"
      },
      "engines": {
        "node": ">= 6"
      }
    },
    "node_modules/fs-minipass": {
      "version": "3.0.3",
      "resolved": "https://registry.npmjs.org/fs-minipass/-/fs-minipass-3.0.3.tgz",
      "integrity": "sha512-XUBA9XClHbnJWSfBzjkm6RvPsyg3sryZt06BEQoXcF7EK/xpGaQYJgQKDJSUH5SGZ76Y7pFx1QBnXz09rU5Fbw==",
      "dev": true,
      "license": "ISC",
      "dependencies": {
        "minipass": "^7.0.3"
      },
      "engines": {
        "node": "^14.17.0 || ^16.13.0 || >=18.0.0"
      }
    },
    "node_modules/function-bind": {
      "version": "1.1.2",
      "resolved": "https://registry.npmjs.org/function-bind/-/function-bind-1.1.2.tgz",
      "integrity": "sha512-7XHNxH7qX9xG5mIwxkhumTox/MIRNcOgDrxWsMt2pAr23WHp6MrRlN7FBSFpCpr+oVO0F744iUgR82nJMfG2SA==",
      "license": "MIT",
      "funding": {
        "url": "https://github.com/sponsors/ljharb"
      }
    },
    "node_modules/get-intrinsic": {
      "version": "1.3.0",
      "resolved": "https://registry.npmjs.org/get-intrinsic/-/get-intrinsic-1.3.0.tgz",
      "integrity": "sha512-9fSjSaos/fRIVIp+xSJlE6lfwhES7LNtKaCBIamHsjr2na1BiABJPo0mOjjz8GJDURarmCPGqaiVg5mfjb98CQ==",
      "license": "MIT",
      "dependencies": {
        "call-bind-apply-helpers": "^1.0.2",
        "es-define-property": "^1.0.1",
        "es-errors": "^1.3.0",
        "es-object-atoms": "^1.1.1",
        "function-bind": "^1.1.2",
        "get-proto": "^1.0.1",
        "gopd": "^1.2.0",
        "has-symbols": "^1.1.0",
        "hasown": "^2.0.2",
        "math-intrinsics": "^1.1.0"
      },
      "engines": {
        "node": ">= 0.4"
      },
      "funding": {
        "url": "https://github.com/sponsors/ljharb"
      }
    },
    "node_modules/get-proto": {
      "version": "1.0.1",
      "resolved": "https://registry.npmjs.org/get-proto/-/get-proto-1.0.1.tgz",
      "integrity": "sha512-sTSfBjoXBp89JvIKIefqw7U2CCebsc74kiY6awiGogKtoSGbgjYE/G/+l9sF3MWFPNc9IcoOC4ODfKHfxFmp0g==",
      "license": "MIT",
      "dependencies": {
        "dunder-proto": "^1.0.1",
        "es-object-atoms": "^1.0.0"
      },
      "engines": {
        "node": ">= 0.4"
      }
    },
    "node_modules/glob": {
      "version": "13.0.5",
      "resolved": "https://registry.npmjs.org/glob/-/glob-13.0.5.tgz",
      "integrity": "sha512-BzXxZg24Ibra1pbQ/zE7Kys4Ua1ks7Bn6pKLkVPZ9FZe4JQS6/Q7ef3LG1H+k7lUf5l4T3PLSyYyYJVYUvfgTw==",
      "dev": true,
      "license": "BlueOak-1.0.0",
      "dependencies": {
        "minimatch": "^10.2.1",
        "minipass": "^7.1.2",
        "path-scurry": "^2.0.0"
      },
      "engines": {
        "node": "20 || >=22"
      },
      "funding": {
        "url": "https://github.com/sponsors/isaacs"
      }
    },
    "node_modules/gopd": {
      "version": "1.2.0",
      "resolved": "https://registry.npmjs.org/gopd/-/gopd-1.2.0.tgz",
      "integrity": "sha512-ZUKRh6/kUFoAiTAtTYPZJ3hw9wNxx+BIBOijnlG9PnrJsCcSjs1wyyD6vJpaYtgnzDrKYRSqf3OO6Rfa93xsRg==",
      "license": "MIT",
      "engines": {
        "node": ">= 0.4"
      },
      "funding": {
        "url": "https://github.com/sponsors/ljharb"
      }
    },
    "node_modules/has-symbols": {
      "version": "1.1.0",
      "resolved": "https://registry.npmjs.org/has-symbols/-/has-symbols-1.1.0.tgz",
      "integrity": "sha512-1cDNdwJ2Jaohmb3sg4OmKaMBwuC48sYni5HUw2DvsC8LjGTLK9h+eb1X6RyuOHe4hT0ULCW68iomhjUoKUqlPQ==",
      "license": "MIT",
      "engines": {
        "node": ">= 0.4"
      },
      "funding": {
        "url": "https://github.com/sponsors/ljharb"
      }
    },
    "node_modules/has-tostringtag": {
      "version": "1.0.2",
      "resolved": "https://registry.npmjs.org/has-tostringtag/-/has-tostringtag-1.0.2.tgz",
      "integrity": "sha512-NqADB8VjPFLM2V0VvHUewwwsw0ZWBaIdgo+ieHtK3hasLz4qeCRjYcqfB6AQrBggRKppKF8L52/VqdVsO47Dlw==",
      "license": "MIT",
      "dependencies": {
        "has-symbols": "^1.0.3"
      },
      "engines": {
        "node": ">= 0.4"
      },
      "funding": {
        "url": "https://github.com/sponsors/ljharb"
      }
    },
    "node_modules/hasown": {
      "version": "2.0.2",
      "resolved": "https://registry.npmjs.org/hasown/-/hasown-2.0.2.tgz",
      "integrity": "sha512-0hJU9SCPvmMzIBdZFqNPXWa6dqh7WdH0cII9y+CyS8rG3nL48Bclra9HmKhVVUHyPWNH5Y7xDwAB7bfgSjkUMQ==",
      "license": "MIT",
      "dependencies": {
        "function-bind": "^1.1.2"
      },
      "engines": {
        "node": ">= 0.4"
      }
    },
    "node_modules/hosted-git-info": {
      "version": "9.0.2",
      "resolved": "https://registry.npmjs.org/hosted-git-info/-/hosted-git-info-9.0.2.tgz",
      "integrity": "sha512-M422h7o/BR3rmCQ8UHi7cyyMqKltdP9Uo+J2fXK+RSAY+wTcKOIRyhTuKv4qn+DJf3g+PL890AzId5KZpX+CBg==",
      "dev": true,
      "license": "ISC",
      "dependencies": {
        "lru-cache": "^11.1.0"
      },
      "engines": {
        "node": "^20.17.0 || >=22.9.0"
      }
    },
    "node_modules/http-cache-semantics": {
      "version": "4.2.0",
      "resolved": "https://registry.npmjs.org/http-cache-semantics/-/http-cache-semantics-4.2.0.tgz",
      "integrity": "sha512-dTxcvPXqPvXBQpq5dUr6mEMJX4oIEFv6bwom3FDwKRDsuIjjJGANqhBuoAn9c1RQJIdAKav33ED65E2ys+87QQ==",
      "dev": true,
      "license": "BSD-2-Clause"
    },
    "node_modules/http-proxy-agent": {
      "version": "7.0.2",
      "resolved": "https://registry.npmjs.org/http-proxy-agent/-/http-proxy-agent-7.0.2.tgz",
      "integrity": "sha512-T1gkAiYYDWYx3V5Bmyu7HcfcvL7mUrTWiM6yOfa3PIphViJ/gFPbvidQ+veqSOHci/PxBcDabeUNCzpOODJZig==",
      "dev": true,
      "license": "MIT",
      "dependencies": {
        "agent-base": "^7.1.0",
        "debug": "^4.3.4"
      },
      "engines": {
        "node": ">= 14"
      }
    },
    "node_modules/https-proxy-agent": {
      "version": "7.0.6",
      "resolved": "https://registry.npmjs.org/https-proxy-agent/-/https-proxy-agent-7.0.6.tgz",
      "integrity": "sha512-vK9P5/iUfdl95AI+JVyUuIcVtd4ofvtrOr3HNtM2yxC9bnMbEdp3x01OhQNnjb8IJYi38VlTE3mBXwcfvywuSw==",
      "dev": true,
      "license": "MIT",
      "dependencies": {
        "agent-base": "^7.1.2",
        "debug": "4"
      },
      "engines": {
        "node": ">= 14"
      }
    },
    "node_modules/husky": {
      "version": "9.1.7",
      "resolved": "https://registry.npmjs.org/husky/-/husky-9.1.7.tgz",
      "integrity": "sha512-5gs5ytaNjBrh5Ow3zrvdUUY+0VxIuWVL4i9irt6friV+BqdCfmV11CQTWMiBYWHbXhco+J1kHfTOUkePhCDvMA==",
      "license": "MIT",
      "bin": {
        "husky": "bin.js"
      },
      "engines": {
        "node": ">=18"
      },
      "funding": {
        "url": "https://github.com/sponsors/typicode"
      }
    },
    "node_modules/iconv-lite": {
      "version": "0.6.3",
      "resolved": "https://registry.npmjs.org/iconv-lite/-/iconv-lite-0.6.3.tgz",
      "integrity": "sha512-4fCk79wshMdzMp2rH06qWrJE4iolqLhCUH+OiuIgU++RB0+94NlDL81atO7GX55uUKueo0txHNtvEyI6D7WdMw==",
      "dev": true,
      "license": "MIT",
      "optional": true,
      "dependencies": {
        "safer-buffer": ">= 2.1.2 < 3.0.0"
      },
      "engines": {
        "node": ">=0.10.0"
      }
    },
    "node_modules/imurmurhash": {
      "version": "0.1.4",
      "resolved": "https://registry.npmjs.org/imurmurhash/-/imurmurhash-0.1.4.tgz",
      "integrity": "sha512-JmXMZ6wuvDmLiHEml9ykzqO6lwFbof0GG4IkcGaENdCRDDmMVnny7s5HsIgHCbaq0w2MyPhDqkhTUgS2LU2PHA==",
      "dev": true,
      "license": "MIT",
      "engines": {
        "node": ">=0.8.19"
      }
    },
    "node_modules/ini": {
      "version": "6.0.0",
      "resolved": "https://registry.npmjs.org/ini/-/ini-6.0.0.tgz",
      "integrity": "sha512-IBTdIkzZNOpqm7q3dRqJvMaldXjDHWkEDfrwGEQTs5eaQMWV+djAhR+wahyNNMAa+qpbDUhBMVt4ZKNwpPm7xQ==",
      "dev": true,
      "license": "ISC",
      "engines": {
        "node": "^20.17.0 || >=22.9.0"
      }
    },
    "node_modules/ip-address": {
      "version": "10.1.0",
      "resolved": "https://registry.npmjs.org/ip-address/-/ip-address-10.1.0.tgz",
      "integrity": "sha512-XXADHxXmvT9+CRxhXg56LJovE+bmWnEWB78LB83VZTprKTmaC5QfruXocxzTZ2Kl0DNwKuBdlIhjL8LeY8Sf8Q==",
      "dev": true,
      "license": "MIT",
      "engines": {
        "node": ">= 12"
      }
    },
    "node_modules/jsonparse": {
      "version": "1.3.1",
      "resolved": "https://registry.npmjs.org/jsonparse/-/jsonparse-1.3.1.tgz",
      "integrity": "sha512-POQXvpdL69+CluYsillJ7SUhKvytYjW9vG/GKpnf+xP8UWgYEM/RaMzHHofbALDiKbbP1W8UEYmgGl39WkPZsg==",
      "dev": true,
      "engines": [
        "node >= 0.2.0"
      ],
      "license": "MIT"
    },
    "node_modules/lru-cache": {
      "version": "11.2.6",
      "resolved": "https://registry.npmjs.org/lru-cache/-/lru-cache-11.2.6.tgz",
      "integrity": "sha512-ESL2CrkS/2wTPfuend7Zhkzo2u0daGJ/A2VucJOgQ/C48S/zB8MMeMHSGKYpXhIjbPxfuezITkaBH1wqv00DDQ==",
      "dev": true,
      "license": "BlueOak-1.0.0",
      "engines": {
        "node": "20 || >=22"
      }
    },
    "node_modules/make-fetch-happen": {
      "version": "15.0.3",
      "resolved": "https://registry.npmjs.org/make-fetch-happen/-/make-fetch-happen-15.0.3.tgz",
      "integrity": "sha512-iyyEpDty1mwW3dGlYXAJqC/azFn5PPvgKVwXayOGBSmKLxhKZ9fg4qIan2ePpp1vJIwfFiO34LAPZgq9SZW9Aw==",
      "dev": true,
      "license": "ISC",
      "dependencies": {
        "@npmcli/agent": "^4.0.0",
        "cacache": "^20.0.1",
        "http-cache-semantics": "^4.1.1",
        "minipass": "^7.0.2",
        "minipass-fetch": "^5.0.0",
        "minipass-flush": "^1.0.5",
        "minipass-pipeline": "^1.2.4",
        "negotiator": "^1.0.0",
        "proc-log": "^6.0.0",
        "promise-retry": "^2.0.1",
        "ssri": "^13.0.0"
      },
      "engines": {
        "node": "^20.17.0 || >=22.9.0"
      }
    },
    "node_modules/math-intrinsics": {
      "version": "1.1.0",
      "resolved": "https://registry.npmjs.org/math-intrinsics/-/math-intrinsics-1.1.0.tgz",
      "integrity": "sha512-/IXtbwEk5HTPyEwyKX6hGkYXxM9nbj64B+ilVJnC/R6B0pH5G4V3b0pVbL7DBj4tkhBAppbQUlf6F6Xl9LHu1g==",
      "license": "MIT",
      "engines": {
        "node": ">= 0.4"
      }
    },
    "node_modules/mime-db": {
      "version": "1.52.0",
      "resolved": "https://registry.npmjs.org/mime-db/-/mime-db-1.52.0.tgz",
      "integrity": "sha512-sPU4uV7dYlvtWJxwwxHD0PuihVNiE7TyAbQ5SWxDCB9mUYvOgroQOwYQQOKPJ8CIbE+1ETVlOoK1UC2nU3gYvg==",
      "license": "MIT",
      "engines": {
        "node": ">= 0.6"
      }
    },
    "node_modules/mime-types": {
      "version": "2.1.35",
      "resolved": "https://registry.npmjs.org/mime-types/-/mime-types-2.1.35.tgz",
      "integrity": "sha512-ZDY+bPm5zTTF+YpCrAU9nK0UgICYPT0QtT1NZWFv4s++TNkcgVaT0g6+4R2uI4MjQjzysHB1zxuWL50hzaeXiw==",
      "license": "MIT",
      "dependencies": {
        "mime-db": "1.52.0"
      },
      "engines": {
        "node": ">= 0.6"
      }
    },
    "node_modules/minimatch": {
      "version": "10.2.1",
      "resolved": "https://registry.npmjs.org/minimatch/-/minimatch-10.2.1.tgz",
      "integrity": "sha512-MClCe8IL5nRRmawL6ib/eT4oLyeKMGCghibcDWK+J0hh0Q8kqSdia6BvbRMVk6mPa6WqUa5uR2oxt6C5jd533A==",
      "dev": true,
      "license": "BlueOak-1.0.0",
      "dependencies": {
        "brace-expansion": "^5.0.2"
      },
      "engines": {
        "node": "20 || >=22"
      },
      "funding": {
        "url": "https://github.com/sponsors/isaacs"
      }
    },
    "node_modules/minipass": {
      "version": "7.1.3",
      "resolved": "https://registry.npmjs.org/minipass/-/minipass-7.1.3.tgz",
      "integrity": "sha512-tEBHqDnIoM/1rXME1zgka9g6Q2lcoCkxHLuc7ODJ5BxbP5d4c2Z5cGgtXAku59200Cx7diuHTOYfSBD8n6mm8A==",
      "dev": true,
      "license": "BlueOak-1.0.0",
      "engines": {
        "node": ">=16 || 14 >=14.17"
      }
    },
    "node_modules/minipass-collect": {
      "version": "2.0.1",
      "resolved": "https://registry.npmjs.org/minipass-collect/-/minipass-collect-2.0.1.tgz",
      "integrity": "sha512-D7V8PO9oaz7PWGLbCACuI1qEOsq7UKfLotx/C0Aet43fCUB/wfQ7DYeq2oR/svFJGYDHPr38SHATeaj/ZoKHKw==",
      "dev": true,
      "license": "ISC",
      "dependencies": {
        "minipass": "^7.0.3"
      },
      "engines": {
        "node": ">=16 || 14 >=14.17"
      }
    },
    "node_modules/minipass-fetch": {
      "version": "5.0.1",
      "resolved": "https://registry.npmjs.org/minipass-fetch/-/minipass-fetch-5.0.1.tgz",
      "integrity": "sha512-yHK8pb0iCGat0lDrs/D6RZmCdaBT64tULXjdxjSMAqoDi18Q3qKEUTHypHQZQd9+FYpIS+lkvpq6C/R6SbUeRw==",
      "dev": true,
      "license": "MIT",
      "dependencies": {
        "minipass": "^7.0.3",
        "minipass-sized": "^2.0.0",
        "minizlib": "^3.0.1"
      },
      "engines": {
        "node": "^20.17.0 || >=22.9.0"
      },
      "optionalDependencies": {
        "encoding": "^0.1.13"
      }
    },
    "node_modules/minipass-flush": {
      "version": "1.0.5",
      "resolved": "https://registry.npmjs.org/minipass-flush/-/minipass-flush-1.0.5.tgz",
      "integrity": "sha512-JmQSYYpPUqX5Jyn1mXaRwOda1uQ8HP5KAT/oDSLCzt1BYRhQU0/hDtsB1ufZfEEzMZ9aAVmsBw8+FWsIXlClWw==",
      "dev": true,
      "license": "ISC",
      "dependencies": {
        "minipass": "^3.0.0"
      },
      "engines": {
        "node": ">= 8"
      }
    },
    "node_modules/minipass-flush/node_modules/minipass": {
      "version": "3.3.6",
      "resolved": "https://registry.npmjs.org/minipass/-/minipass-3.3.6.tgz",
      "integrity": "sha512-DxiNidxSEK+tHG6zOIklvNOwm3hvCrbUrdtzY74U6HKTJxvIDfOUL5W5P2Ghd3DTkhhKPYGqeNUIh5qcM4YBfw==",
      "dev": true,
      "license": "ISC",
      "dependencies": {
        "yallist": "^4.0.0"
      },
      "engines": {
        "node": ">=8"
      }
    },
    "node_modules/minipass-pipeline": {
      "version": "1.2.4",
      "resolved": "https://registry.npmjs.org/minipass-pipeline/-/minipass-pipeline-1.2.4.tgz",
      "integrity": "sha512-xuIq7cIOt09RPRJ19gdi4b+RiNvDFYe5JH+ggNvBqGqpQXcru3PcRmOZuHBKWK1Txf9+cQ+HMVN4d6z46LZP7A==",
      "dev": true,
      "license": "ISC",
      "dependencies": {
        "minipass": "^3.0.0"
      },
      "engines": {
        "node": ">=8"
      }
    },
    "node_modules/minipass-pipeline/node_modules/minipass": {
      "version": "3.3.6",
      "resolved": "https://registry.npmjs.org/minipass/-/minipass-3.3.6.tgz",
      "integrity": "sha512-DxiNidxSEK+tHG6zOIklvNOwm3hvCrbUrdtzY74U6HKTJxvIDfOUL5W5P2Ghd3DTkhhKPYGqeNUIh5qcM4YBfw==",
      "dev": true,
      "license": "ISC",
      "dependencies": {
        "yallist": "^4.0.0"
      },
      "engines": {
        "node": ">=8"
      }
    },
    "node_modules/minipass-sized": {
      "version": "2.0.0",
      "resolved": "https://registry.npmjs.org/minipass-sized/-/minipass-sized-2.0.0.tgz",
      "integrity": "sha512-zSsHhto5BcUVM2m1LurnXY6M//cGhVaegT71OfOXoprxT6o780GZd792ea6FfrQkuU4usHZIUczAQMRUE2plzA==",
      "dev": true,
      "license": "ISC",
      "dependencies": {
        "minipass": "^7.1.2"
      },
      "engines": {
        "node": ">=8"
      }
    },
    "node_modules/minizlib": {
      "version": "3.1.0",
      "resolved": "https://registry.npmjs.org/minizlib/-/minizlib-3.1.0.tgz",
      "integrity": "sha512-KZxYo1BUkWD2TVFLr0MQoM8vUUigWD3LlD83a/75BqC+4qE0Hb1Vo5v1FgcfaNXvfXzr+5EhQ6ing/CaBijTlw==",
      "dev": true,
      "license": "MIT",
      "dependencies": {
        "minipass": "^7.1.2"
      },
      "engines": {
        "node": ">= 18"
      }
    },
    "node_modules/ms": {
      "version": "2.1.3",
      "resolved": "https://registry.npmjs.org/ms/-/ms-2.1.3.tgz",
      "integrity": "sha512-6FlzubTLZG3J2a/NVCAleEhjzq5oxgHyaCU9yYXvcLsvoVaHJq/s5xXI6/XXP6tz7R9xAOtHnSO/tXtF3WRTlA==",
      "dev": true,
      "license": "MIT"
    },
    "node_modules/negotiator": {
      "version": "1.0.0",
      "resolved": "https://registry.npmjs.org/negotiator/-/negotiator-1.0.0.tgz",
      "integrity": "sha512-8Ofs/AUQh8MaEcrlq5xOX0CQ9ypTF5dl78mjlMNfOK08fzpgTHQRQPBxcPlEtIw0yRpws+Zo/3r+5WRby7u3Gg==",
      "dev": true,
      "license": "MIT",
      "engines": {
        "node": ">= 0.6"
      }
    },
    "node_modules/node-forge": {
      "version": "1.3.2",
      "resolved": "https://registry.npmjs.org/node-forge/-/node-forge-1.3.2.tgz",
      "integrity": "sha512-6xKiQ+cph9KImrRh0VsjH2d8/GXA4FIMlgU4B757iI1ApvcyA9VlouP0yZJha01V+huImO+kKMU7ih+2+E14fw==",
      "dev": true,
      "license": "(BSD-3-Clause OR GPL-2.0)",
      "engines": {
        "node": ">= 6.13.0"
      }
    },
    "node_modules/npm-package-arg": {
      "version": "13.0.2",
      "resolved": "https://registry.npmjs.org/npm-package-arg/-/npm-package-arg-13.0.2.tgz",
      "integrity": "sha512-IciCE3SY3uE84Ld8WZU23gAPPV9rIYod4F+rc+vJ7h7cwAJt9Vk6TVsK60ry7Uj3SRS3bqRRIGuTp9YVlk6WNA==",
      "dev": true,
      "license": "ISC",
      "dependencies": {
        "hosted-git-info": "^9.0.0",
        "proc-log": "^6.0.0",
        "semver": "^7.3.5",
        "validate-npm-package-name": "^7.0.0"
      },
      "engines": {
        "node": "^20.17.0 || >=22.9.0"
      }
    },
    "node_modules/npm-registry-fetch": {
      "version": "19.1.1",
      "resolved": "https://registry.npmjs.org/npm-registry-fetch/-/npm-registry-fetch-19.1.1.tgz",
      "integrity": "sha512-TakBap6OM1w0H73VZVDf44iFXsOS3h+L4wVMXmbWOQroZgFhMch0juN6XSzBNlD965yIKvWg2dfu7NSiaYLxtw==",
      "dev": true,
      "license": "ISC",
      "dependencies": {
        "@npmcli/redact": "^4.0.0",
        "jsonparse": "^1.3.1",
        "make-fetch-happen": "^15.0.0",
        "minipass": "^7.0.2",
        "minipass-fetch": "^5.0.0",
        "minizlib": "^3.0.1",
        "npm-package-arg": "^13.0.0",
        "proc-log": "^6.0.0"
      },
      "engines": {
        "node": "^20.17.0 || >=22.9.0"
      }
    },
    "node_modules/p-map": {
      "version": "7.0.4",
      "resolved": "https://registry.npmjs.org/p-map/-/p-map-7.0.4.tgz",
      "integrity": "sha512-tkAQEw8ysMzmkhgw8k+1U/iPhWNhykKnSk4Rd5zLoPJCuJaGRPo6YposrZgaxHKzDHdDWWZvE/Sk7hsL2X/CpQ==",
      "dev": true,
      "license": "MIT",
      "engines": {
        "node": ">=18"
      },
      "funding": {
        "url": "https://github.com/sponsors/sindresorhus"
      }
    },
    "node_modules/path-scurry": {
      "version": "2.0.1",
      "resolved": "https://registry.npmjs.org/path-scurry/-/path-scurry-2.0.1.tgz",
      "integrity": "sha512-oWyT4gICAu+kaA7QWk/jvCHWarMKNs6pXOGWKDTr7cw4IGcUbW+PeTfbaQiLGheFRpjo6O9J0PmyMfQPjH71oA==",
      "dev": true,
      "license": "BlueOak-1.0.0",
      "dependencies": {
        "lru-cache": "^11.0.0",
        "minipass": "^7.1.2"
      },
      "engines": {
        "node": "20 || >=22"
      },
      "funding": {
        "url": "https://github.com/sponsors/isaacs"
      }
    },
    "node_modules/proc-log": {
      "version": "6.1.0",
      "resolved": "https://registry.npmjs.org/proc-log/-/proc-log-6.1.0.tgz",
      "integrity": "sha512-iG+GYldRf2BQ0UDUAd6JQ/RwzaQy6mXmsk/IzlYyal4A4SNFw54MeH4/tLkF4I5WoWG9SQwuqWzS99jaFQHBuQ==",
      "dev": true,
      "license": "ISC",
      "engines": {
        "node": "^20.17.0 || >=22.9.0"
      }
    },
    "node_modules/promise-retry": {
      "version": "2.0.1",
      "resolved": "https://registry.npmjs.org/promise-retry/-/promise-retry-2.0.1.tgz",
      "integrity": "sha512-y+WKFlBR8BGXnsNlIHFGPZmyDf3DFMoLhaflAnyZgV6rG6xu+JwesTo2Q9R6XwYmtmwAFCkAk3e35jEdoeh/3g==",
      "dev": true,
      "license": "MIT",
      "dependencies": {
        "err-code": "^2.0.2",
        "retry": "^0.12.0"
      },
      "engines": {
        "node": ">=10"
      }
    },
    "node_modules/proxy-from-env": {
      "version": "1.1.0",
      "resolved": "https://registry.npmjs.org/proxy-from-env/-/proxy-from-env-1.1.0.tgz",
      "integrity": "sha512-D+zkORCbA9f1tdWRK0RaCR3GPv50cMxcrz4X8k5LTSUD1Dkw47mKJEZQNunItRTkWwgtaUSo1RVFRIG9ZXiFYg==",
      "license": "MIT"
    },
    "node_modules/retry": {
      "version": "0.12.0",
      "resolved": "https://registry.npmjs.org/retry/-/retry-0.12.0.tgz",
      "integrity": "sha512-9LkiTwjUh6rT555DtE9rTX+BKByPfrMzEAtnlEtdEwr3Nkffwiihqe2bWADg+OQRjt9gl6ICdmB/ZFDCGAtSow==",
      "dev": true,
      "license": "MIT",
      "engines": {
        "node": ">= 4"
      }
    },
    "node_modules/safer-buffer": {
      "version": "2.1.2",
      "resolved": "https://registry.npmjs.org/safer-buffer/-/safer-buffer-2.1.2.tgz",
      "integrity": "sha512-YZo3K82SD7Riyi0E1EQPojLz7kpepnSQI9IyPbHHg1XXXevb5dJI7tpyN2ADxGcQbHG7vcyRHk0cbwqcQriUtg==",
      "dev": true,
      "license": "MIT",
      "optional": true
    },
    "node_modules/semver": {
      "version": "7.7.2",
      "resolved": "https://registry.npmjs.org/semver/-/semver-7.7.2.tgz",
      "integrity": "sha512-RF0Fw+rO5AMf9MAyaRXI4AV0Ulj5lMHqVxxdSgiVbixSCXoEmmX/jk0CuJw4+3SqroYO9VoUh+HcuJivvtJemA==",
      "dev": true,
      "license": "ISC",
      "bin": {
        "semver": "bin/semver.js"
      },
      "engines": {
        "node": ">=10"
      }
    },
    "node_modules/smart-buffer": {
      "version": "4.2.0",
      "resolved": "https://registry.npmjs.org/smart-buffer/-/smart-buffer-4.2.0.tgz",
      "integrity": "sha512-94hK0Hh8rPqQl2xXc3HsaBoOXKV20MToPkcXvwbISWLEs+64sBq5kFgn2kJDHb1Pry9yrP0dxrCI9RRci7RXKg==",
      "dev": true,
      "license": "MIT",
      "engines": {
        "node": ">= 6.0.0",
        "npm": ">= 3.0.0"
      }
    },
    "node_modules/socks": {
      "version": "2.8.7",
      "resolved": "https://registry.npmjs.org/socks/-/socks-2.8.7.tgz",
      "integrity": "sha512-HLpt+uLy/pxB+bum/9DzAgiKS8CX1EvbWxI4zlmgGCExImLdiad2iCwXT5Z4c9c3Eq8rP2318mPW2c+QbtjK8A==",
      "dev": true,
      "license": "MIT",
      "dependencies": {
        "ip-address": "^10.0.1",
        "smart-buffer": "^4.2.0"
      },
      "engines": {
        "node": ">= 10.0.0",
        "npm": ">= 3.0.0"
      }
    },
    "node_modules/socks-proxy-agent": {
      "version": "8.0.5",
      "resolved": "https://registry.npmjs.org/socks-proxy-agent/-/socks-proxy-agent-8.0.5.tgz",
      "integrity": "sha512-HehCEsotFqbPW9sJ8WVYB6UbmIMv7kUUORIF2Nncq4VQvBfNBLibW9YZR5dlYCSUhwcD628pRllm7n+E+YTzJw==",
      "dev": true,
      "license": "MIT",
      "dependencies": {
        "agent-base": "^7.1.2",
        "debug": "^4.3.4",
        "socks": "^2.8.3"
      },
      "engines": {
        "node": ">= 14"
      }
    },
    "node_modules/ssri": {
      "version": "13.0.1",
      "resolved": "https://registry.npmjs.org/ssri/-/ssri-13.0.1.tgz",
      "integrity": "sha512-QUiRf1+u9wPTL/76GTYlKttDEBWV1ga9ZXW8BG6kfdeyyM8LGPix9gROyg9V2+P0xNyF3X2Go526xKFdMZrHSQ==",
      "dev": true,
      "license": "ISC",
      "dependencies": {
        "minipass": "^7.0.3"
      },
      "engines": {
        "node": "^20.17.0 || >=22.9.0"
      }
    },
    "node_modules/unique-filename": {
      "version": "5.0.0",
      "resolved": "https://registry.npmjs.org/unique-filename/-/unique-filename-5.0.0.tgz",
      "integrity": "sha512-2RaJTAvAb4owyjllTfXzFClJ7WsGxlykkPvCr9pA//LD9goVq+m4PPAeBgNodGZ7nSrntT/auWpJ6Y5IFXcfjg==",
      "dev": true,
      "license": "ISC",
      "dependencies": {
        "unique-slug": "^6.0.0"
      },
      "engines": {
        "node": "^20.17.0 || >=22.9.0"
      }
    },
    "node_modules/unique-slug": {
      "version": "6.0.0",
      "resolved": "https://registry.npmjs.org/unique-slug/-/unique-slug-6.0.0.tgz",
      "integrity": "sha512-4Lup7Ezn8W3d52/xBhZBVdx323ckxa7DEvd9kPQHppTkLoJXw6ltrBCyj5pnrxj0qKDxYMJ56CoxNuFCscdTiw==",
      "dev": true,
      "license": "ISC",
      "dependencies": {
        "imurmurhash": "^0.1.4"
      },
      "engines": {
        "node": "^20.17.0 || >=22.9.0"
      }
    },
    "node_modules/validate-npm-package-name": {
      "version": "7.0.2",
      "resolved": "https://registry.npmjs.org/validate-npm-package-name/-/validate-npm-package-name-7.0.2.tgz",
      "integrity": "sha512-hVDIBwsRruT73PbK7uP5ebUt+ezEtCmzZz3F59BSr2F6OVFnJ/6h8liuvdLrQ88Xmnk6/+xGGuq+pG9WwTuy3A==",
      "dev": true,
      "license": "ISC",
      "engines": {
        "node": "^20.17.0 || >=22.9.0"
      }
    },
    "node_modules/yallist": {
      "version": "4.0.0",
      "resolved": "https://registry.npmjs.org/yallist/-/yallist-4.0.0.tgz",
      "integrity": "sha512-3wdGidZyq5PB084XLES5TpOSRA3wjXAlIWMhum2kRcv/41Sn2emQ0dycQW4uZXLejwKvg6EsvbdlVL+FYEct7A==",
      "dev": true,
      "license": "ISC"
    }
  }
}
